
Microsoft Visual Studio Solution File, Format Version 12.00
# Visual Studio Version 16
VisualStudioVersion = 16.0.30413.136
MinimumVisualStudioVersion = 10.0.40219.1
Project("{FAE04EC0-301F-11D3-BF4B-00C04F79EFBC}") = "TranThiNhatTrang_02", "TranThiNhatTrang_02\TranThiNhatTrang_02.csproj", "{F2CDC250-9DCE-4A14-B417-E5179891743E}"
EndProject
Global
	GlobalSection(SolutionConfigurationPlatforms) = preSolution
		Debug|Any CPU = Debug|Any CPU
		Release|Any CPU = Release|Any CPU
	EndGlobalSection
	GlobalSection(ProjectConfigurationPlatforms) = postSolution
		{F2CDC250-9DCE-4A14-B417-E5179891743E}.Debug|Any CPU.ActiveCfg = Debug|Any CPU
		{F2CDC250-9DCE-4A14-B417-E5179891743E}.Debug|Any CPU.Build.0 = Debug|Any CPU
		{F2CDC250-9DCE-4A14-B417-E5179891743E}.Release|Any CPU.ActiveCfg = Release|Any CPU
		{F2CDC250-9DCE-4A14-B417-E5179891743E}.Release|Any CPU.Build.0 = Release|Any CPU
	EndGlobalSection
	GlobalSection(SolutionProperties) = preSolution
		HideSolutionNode = FALSE
	EndGlobalSection
	GlobalSection(ExtensibilityGlobals) = postSolution
		SolutionGuid = {63B6E73E-BAA0-41F9-A93C-24B17CD26863}
	EndGlobalSection
EndGlobal
